
Microsoft Visual Studio Solution File, Format Version 12.00
# Visual Studio 15
VisualStudioVersion = 15.0.28307.1525
MinimumVisualStudioVersion = 10.0.40219.1
Project("{FAE04EC0-301F-11D3-BF4B-00C04F79EFBC}") = "YouTubeサムネ画像とったったー", "YouTubeサムネ画像とったたー\YouTubeサムネ画像とったったー.csproj", "{DF49E396-4FCE-406F-9AF1-48A60F03B9F1}"
EndProject
Project("{54435603-DBB4-11D2-8724-00A0C9A8B90C}") = "YouTubeToolSetup", "YouTubeToolSetup\YouTubeToolSetup.vdproj", "{057C537B-9948-49F6-B946-3E715E0C842D}"
EndProject
Global
	GlobalSection(SolutionConfigurationPlatforms) = preSolution
		Debug|Any CPU = Debug|Any CPU
		Release|Any CPU = Release|Any CPU
	EndGlobalSection
	GlobalSection(ProjectConfigurationPlatforms) = postSolution
		{DF49E396-4FCE-406F-9AF1-48A60F03B9F1}.Debug|Any CPU.ActiveCfg = Debug|Any CPU
		{DF49E396-4FCE-406F-9AF1-48A60F03B9F1}.Debug|Any CPU.Build.0 = Debug|Any CPU
		{DF49E396-4FCE-406F-9AF1-48A60F03B9F1}.Release|Any CPU.ActiveCfg = Release|Any CPU
		{DF49E396-4FCE-406F-9AF1-48A60F03B9F1}.Release|Any CPU.Build.0 = Release|Any CPU
		{057C537B-9948-49F6-B946-3E715E0C842D}.Debug|Any CPU.ActiveCfg = Debug
		{057C537B-9948-49F6-B946-3E715E0C842D}.Release|Any CPU.ActiveCfg = Release
	EndGlobalSection
	GlobalSection(SolutionProperties) = preSolution
		HideSolutionNode = FALSE
	EndGlobalSection
	GlobalSection(ExtensibilityGlobals) = postSolution
		SolutionGuid = {50CB8029-F542-4F9C-8CD7-80AF78A329A3}
	EndGlobalSection
EndGlobal
